
Microsoft Visual Studio Solution File, Format Version 12.00
# Visual Studio 15
VisualStudioVersion = 15.0.28307.329
MinimumVisualStudioVersion = 10.0.40219.1
Project("{FAE04EC0-301F-11D3-BF4B-00C04F79EFBC}") = "MSO", "MSO.csproj", "{67734283-4FBF-45F3-AF7F-CE11D8B5F667}"
EndProject
Project("{FAE04EC0-301F-11D3-BF4B-00C04F79EFBC}") = "TestShop", "..\TestShop\TestShop.csproj", "{B5C551D5-9204-4091-9823-30497C8EF093}"
EndProject
Global
	GlobalSection(SolutionConfigurationPlatforms) = preSolution
		Debug|Any CPU = Debug|Any CPU
		Release|Any CPU = Release|Any CPU
	EndGlobalSection
	GlobalSection(ProjectConfigurationPlatforms) = postSolution
		{67734283-4FBF-45F3-AF7F-CE11D8B5F667}.Debug|Any CPU.ActiveCfg = Debug|Any CPU
		{67734283-4FBF-45F3-AF7F-CE11D8B5F667}.Debug|Any CPU.Build.0 = Debug|Any CPU
		{67734283-4FBF-45F3-AF7F-CE11D8B5F667}.Release|Any CPU.ActiveCfg = Release|Any CPU
		{67734283-4FBF-45F3-AF7F-CE11D8B5F667}.Release|Any CPU.Build.0 = Release|Any CPU
		{B5C551D5-9204-4091-9823-30497C8EF093}.Debug|Any CPU.ActiveCfg = Debug|Any CPU
		{B5C551D5-9204-4091-9823-30497C8EF093}.Debug|Any CPU.Build.0 = Debug|Any CPU
		{B5C551D5-9204-4091-9823-30497C8EF093}.Release|Any CPU.ActiveCfg = Release|Any CPU
		{B5C551D5-9204-4091-9823-30497C8EF093}.Release|Any CPU.Build.0 = Release|Any CPU
	EndGlobalSection
	GlobalSection(SolutionProperties) = preSolution
		HideSolutionNode = FALSE
	EndGlobalSection
	GlobalSection(ExtensibilityGlobals) = postSolution
		SolutionGuid = {4C511CEC-D22B-4D83-B370-78BCA2F5231B}
	EndGlobalSection
EndGlobal
